[r]
version = "4.6.1"

[[package]]
name = "AsioHeaders"
version = "1.30.2-4.1"
source = "cran"
raw_version = "1.30.2-1"
url = "https://cran.r-project.org/src/contrib/AsioHeaders_1.30.2-1.tar.gz"
checksum = "md5:5c4346bc1746a3b55e0fdf1608460b55"

[[package]]
name = "BH"
version = "1.90.0-4.1"
source = "cran"
raw_version = "1.90.0-1"
url = "https://cran.r-project.org/src/contrib/BH_1.90.0-1.tar.gz"
checksum = "md5:4b82aea7c6223ea0048c3edbe1a2caa0"

[[package]]
name = "DBI"
version = "1.3.0"
source = "cran"
raw_version = "1.3.0"
url = "https://cran.r-project.org/src/contrib/DBI_1.3.0.tar.gz"
checksum = "md5:ce5e3153cc7395a2aac452db1099d003"

[[package]]
name = "Matrix"
version = "1.7.6"
source = "cran"
raw_version = "1.7-6"
url = "https://cran.r-project.org/src/contrib/Matrix_1.7-6.tar.gz"
checksum = "md5:92502b5e17bc36390d9e52c0f2c2e0f0"
requires = ["lattice"]

[[package]]
name = "NLP"
version = "0.3.3"
source = "cran"
raw_version = "0.3-3"
url = "https://cran.r-project.org/src/contrib/NLP_0.3-3.tar.gz"
checksum = "md5:3362873eba9034f978b1efbe416395ec"

[[package]]
name = "R.cache"
version = "0.17.0"
source = "cran"
raw_version = "0.17.0"
url = "https://cran.r-project.org/src/contrib/R.cache_0.17.0.tar.gz"
checksum = "md5:022ee6cbe4b53c34c0bbf1b2ebe628a2"
requires = [
    "R.methodsS3",
    "R.oo",
    "R.utils",
    "digest",
]

[[package]]
name = "R.methodsS3"
version = "1.8.2"
source = "cran"
raw_version = "1.8.2"
url = "https://cran.r-project.org/src/contrib/R.methodsS3_1.8.2.tar.gz"
checksum = "md5:8af7a9c90f4f1daebfa0e6c7722e05b8"

[[package]]
name = "R.oo"
version = "1.27.1"
source = "cran"
raw_version = "1.27.1"
url = "https://cran.r-project.org/src/contrib/R.oo_1.27.1.tar.gz"
checksum = "md5:506bc62c712cba39afd29aeb305b7312"
requires = ["R.methodsS3"]

[[package]]
name = "R.utils"
version = "2.13.0"
source = "cran"
raw_version = "2.13.0"
url = "https://cran.r-project.org/src/contrib/R.utils_2.13.0.tar.gz"
checksum = "md5:1b65c3a80a4d1d4abae9e742fe5e5985"
requires = [
    "R.oo",
    "R.methodsS3",
]

[[package]]
name = "R6"
version = "2.6.1"
source = "cran"
raw_version = "2.6.1"
url = "https://cran.r-project.org/src/contrib/R6_2.6.1.tar.gz"
checksum = "md5:f01b1787f12797c29194d63c9afd5d70"

[[package]]
name = "RColorBrewer"
version = "1.1.3"
source = "cran"
raw_version = "1.1-3"
url = "https://cran.r-project.org/src/contrib/RColorBrewer_1.1-3.tar.gz"
checksum = "md5:9b687595bbe02a7e43fc195ba33f065c"

[[package]]
name = "Rcpp"
version = "1.1.2"
source = "cran"
raw_version = "1.1.2"
url = "https://cran.r-project.org/src/contrib/Rcpp_1.1.2.tar.gz"
checksum = "md5:353d35176db9c570705a0a324c06fdca"

[[package]]
name = "RefManageR"
version = "1.4.0"
source = "cran"
raw_version = "1.4.0"
url = "https://cran.r-project.org/src/contrib/RefManageR_1.4.0.tar.gz"
checksum = "md5:0548595d653bf6a1e406f9d6833d85e4"
requires = [
    "xml2",
    "jsonlite",
    "plyr",
    "httr",
    "lubridate",
    "stringr",
    "bibtex",
]

[[package]]
name = "S7"
version = "0.2.2"
source = "cran"
raw_version = "0.2.2"
url = "https://cran.r-project.org/src/contrib/S7_0.2.2.tar.gz"
checksum = "md5:6a40d3eae470be0f06a03737b9391269"

[[package]]
name = "anytime"
version = "0.3.13"
source = "cran"
raw_version = "0.3.13"
url = "https://cran.r-project.org/src/contrib/anytime_0.3.13.tar.gz"
checksum = "md5:4b7f3b5eb78e3bc05905598dd6f8267a"
requires = [
    "Rcpp",
    "Rcpp",
    "BH",
]

[[package]]
name = "askpass"
version = "1.2.1"
source = "cran"
raw_version = "1.2.1"
url = "https://cran.r-project.org/src/contrib/askpass_1.2.1.tar.gz"
checksum = "md5:fc2c6a61b6a354707586b01950366f37"
requires = ["sys"]

[[package]]
name = "backports"
version = "1.5.1"
source = "cran"
raw_version = "1.5.1"
url = "https://cran.r-project.org/src/contrib/backports_1.5.1.tar.gz"
checksum = "md5:f23f63d1a2a739db18644dfa8c1de7ec"

[[package]]
name = "base64enc"
version = "0.1.6"
source = "cran"
raw_version = "0.1-6"
url = "https://cran.r-project.org/src/contrib/base64enc_0.1-6.tar.gz"
checksum = "md5:2c4ecc969451a673ee05eb2e725fcbaf"

[[package]]
name = "base64url"
version = "1.4.0"
source = "cran"
raw_version = "1.4"
url = "https://cran.r-project.org/src/contrib/base64url_1.4.tar.gz"
checksum = "md5:0e41f7f53213278d81e2d1fb55b34480"
requires = ["backports"]

[[package]]
name = "bibtex"
version = "0.5.2"
source = "cran"
raw_version = "0.5.2"
url = "https://cran.r-project.org/src/contrib/bibtex_0.5.2.tar.gz"
checksum = "md5:d825527513d2017da22e72141f184649"
requires = ["backports"]

[[package]]
name = "bit"
version = "4.6.0"
source = "cran"
raw_version = "4.6.0"
url = "https://cran.r-project.org/src/contrib/bit_4.6.0.tar.gz"
checksum = "md5:f36540550af63b0db8c78429d7366998"

[[package]]
name = "bit64"
version = "4.8.4"
source = "cran"
raw_version = "4.8.4"
url = "https://cran.r-project.org/src/contrib/bit64_4.8.4.tar.gz"
checksum = "md5:a02c94b7ea2637da988127cb12933fbf"
requires = ["bit"]

[[package]]
name = "blob"
version = "1.3.0"
source = "cran"
raw_version = "1.3.0"
url = "https://cran.r-project.org/src/contrib/blob_1.3.0.tar.gz"
checksum = "md5:8a43f72d9dff0b574606a9d8b191c33a"
requires = [
    "rlang",
    "vctrs",
]

[[package]]
name = "brew"
version = "1.0.10"
source = "cran"
raw_version = "1.0-10"
url = "https://cran.r-project.org/src/contrib/brew_1.0-10.tar.gz"
checksum = "md5:c1ebbea7284161a8884ffe9ae5ca451f"

[[package]]
name = "broom"
version = "1.0.13"
source = "cran"
raw_version = "1.0.13"
url = "https://cran.r-project.org/src/contrib/broom_1.0.13.tar.gz"
checksum = "md5:f18019fa804c6a0f47eb5b83c0cc5bb8"
requires = [
    "backports",
    "cli",
    "dplyr",
    "generics",
    "glue",
    "lifecycle",
    "purrr",
    "rlang",
    "stringr",
    "tibble",
    "tidyr",
]

[[package]]
name = "bslib"
version = "0.12.0"
source = "cran"
raw_version = "0.12.0"
url = "https://cran.r-project.org/src/contrib/bslib_0.12.0.tar.gz"
checksum = "md5:4e10d130d9538a635ae123e52b1274bf"
requires = [
    "base64enc",
    "cachem",
    "fastmap",
    "htmltools",
    "jquerylib",
    "jsonlite",
    "lifecycle",
    "memoise",
    "mime",
    "rlang",
    "sass",
]

[[package]]
name = "cachem"
version = "1.1.0"
source = "cran"
raw_version = "1.1.0"
url = "https://cran.r-project.org/src/contrib/cachem_1.1.0.tar.gz"
checksum = "md5:53980eb40dd09b0cd44673d3a6fabe36"
requires = [
    "rlang",
    "fastmap",
]

[[package]]
name = "callr"
version = "3.8.0"
source = "cran"
raw_version = "3.8.0"
url = "https://cran.r-project.org/src/contrib/callr_3.8.0.tar.gz"
checksum = "md5:6f2cca7ac13cfa5ef90288587f43de6f"
requires = [
    "otel",
    "processx",
    "R6",
]

[[package]]
name = "cellranger"
version = "1.1.0"
source = "cran"
raw_version = "1.1.0"
url = "https://cran.r-project.org/src/contrib/cellranger_1.1.0.tar.gz"
checksum = "md5:1abcfea6af5ab2e277cb99e86880456f"
requires = [
    "rematch",
    "tibble",
]

[[package]]
name = "cli"
version = "3.6.6"
source = "cran"
raw_version = "3.6.6"
url = "https://cran.r-project.org/src/contrib/cli_3.6.6.tar.gz"
checksum = "md5:eedc08ba864ae6cd640b05eff1a607ee"

[[package]]
name = "clipr"
version = "0.8.1"
source = "cran"
raw_version = "0.8.1"
url = "https://cran.r-project.org/src/contrib/clipr_0.8.1.tar.gz"
checksum = "md5:e3618a0611ca2dfbc6475975a163ab6a"

[[package]]
name = "codetools"
version = "0.2.20"
source = "cran"
raw_version = "0.2-20"
url = "https://cran.r-project.org/src/contrib/codetools_0.2-20.tar.gz"
checksum = "md5:b6d2fb49c00a528b04f574892359aa55"

[[package]]
name = "collections"
version = "0.3.12"
source = "cran"
raw_version = "0.3.12"
url = "https://cran.r-project.org/src/contrib/collections_0.3.12.tar.gz"
checksum = "md5:2bef795e76ac307edc87b9bcd91709e8"

[[package]]
name = "commonmark"
version = "2.0.0"
source = "cran"
raw_version = "2.0.0"
url = "https://cran.r-project.org/src/contrib/commonmark_2.0.0.tar.gz"
checksum = "md5:ac18da7841af62e8c457dd4872cce1ba"

[[package]]
name = "conflicted"
version = "1.2.0"
source = "cran"
raw_version = "1.2.0"
url = "https://cran.r-project.org/src/contrib/conflicted_1.2.0.tar.gz"
checksum = "md5:22c2c1253ab5868c846cb19a481cc2e9"
requires = [
    "cli",
    "memoise",
    "rlang",
]

[[package]]
name = "cpp11"
version = "0.5.5"
source = "cran"
raw_version = "0.5.5"
url = "https://cran.r-project.org/src/contrib/cpp11_0.5.5.tar.gz"
checksum = "md5:7c4c3f58ffa7adec25b85d0d99c0d7ed"

[[package]]
name = "cranlogs"
version = "2.1.1"
source = "cran"
raw_version = "2.1.1"
url = "https://cran.r-project.org/src/contrib/cranlogs_2.1.1.tar.gz"
checksum = "md5:a8ce990b5a78265ad8b905e2be8ee98a"
requires = [
    "httr",
    "jsonlite",
]

[[package]]
name = "crayon"
version = "1.5.3"
source = "cran"
raw_version = "1.5.3"
url = "https://cran.r-project.org/src/contrib/crayon_1.5.3.tar.gz"
checksum = "md5:bb290c70d23b2200006187ac7839116f"

[[package]]
name = "curl"
version = "8.0.0"
source = "cran"
raw_version = "8.0.0"
url = "https://cran.r-project.org/src/contrib/curl_8.0.0.tar.gz"
checksum = "md5:11e42cdbfa575a081e5bf9a710ee76bd"

[[package]]
name = "data.table"
version = "1.18.6-4.1"
source = "cran"
raw_version = "1.18.6.1"
url = "https://cran.r-project.org/src/contrib/data.table_1.18.6.1.tar.gz"
checksum = "md5:0c0ad7916017c1657610ab16c36fecdd"

[[package]]
name = "dbplyr"
version = "2.6.0"
source = "cran"
raw_version = "2.6.0"
url = "https://cran.r-project.org/src/contrib/dbplyr_2.6.0.tar.gz"
checksum = "md5:1384b443dbd4dfa5632bbf9d8b75f648"
requires = [
    "blob",
    "cli",
    "DBI",
    "dplyr",
    "glue",
    "lifecycle",
    "magrittr",
    "pillar",
    "purrr",
    "R6",
    "rlang",
    "tibble",
    "tidyr",
    "tidyselect",
    "vctrs",
    "withr",
]

[[package]]
name = "desc"
version = "1.4.3"
source = "cran"
raw_version = "1.4.3"
url = "https://cran.r-project.org/src/contrib/desc_1.4.3.tar.gz"
checksum = "md5:25e3c3be23e19c0f9164ed251c79f677"
requires = [
    "cli",
    "R6",
]

[[package]]
name = "digest"
version = "0.6.39"
source = "cran"
raw_version = "0.6.39"
url = "https://cran.r-project.org/src/contrib/digest_0.6.39.tar.gz"
checksum = "md5:2b7268922b0f86dbc8064ff8e3a1ca1b"

[[package]]
name = "dplyr"
version = "1.2.1"
source = "cran"
raw_version = "1.2.1"
url = "https://cran.r-project.org/src/contrib/dplyr_1.2.1.tar.gz"
checksum = "md5:1c6ba2499c7a08d081bdb530423ab22c"
requires = [
    "cli",
    "generics",
    "glue",
    "lifecycle",
    "magrittr",
    "pillar",
    "R6",
    "rlang",
    "tibble",
    "tidyselect",
    "vctrs",
]

[[package]]
name = "dtplyr"
version = "1.3.3"
source = "cran"
raw_version = "1.3.3"
url = "https://cran.r-project.org/src/contrib/dtplyr_1.3.3.tar.gz"
checksum = "md5:ad62a3b9b0fdcdaf84da68131edc5155"
requires = [
    "cli",
    "data.table",
    "dplyr",
    "glue",
    "lifecycle",
    "rlang",
    "tibble",
    "tidyselect",
    "vctrs",
]

[[package]]
name = "evaluate"
version = "1.0.5"
source = "cran"
raw_version = "1.0.5"
url = "https://cran.r-project.org/src/contrib/evaluate_1.0.5.tar.gz"
checksum = "md5:64d96fee3845fd96d1eafaba37adf00e"

[[package]]
name = "farver"
version = "2.1.2"
source = "cran"
raw_version = "2.1.2"
url = "https://cran.r-project.org/src/contrib/farver_2.1.2.tar.gz"
checksum = "md5:1fa98878bb985e28d968630c7e7597b6"

[[package]]
name = "fastmap"
version = "1.2.0"
source = "cran"
raw_version = "1.2.0"
url = "https://cran.r-project.org/src/contrib/fastmap_1.2.0.tar.gz"
checksum = "md5:f53773acd6ba9a86413e8c2dc6441544"

[[package]]
name = "fontawesome"
version = "0.5.3"
source = "cran"
raw_version = "0.5.3"
url = "https://cran.r-project.org/src/contrib/fontawesome_0.5.3.tar.gz"
checksum = "md5:95b072a27418b962792410dfb21c3d2b"
requires = [
    "rlang",
    "htmltools",
]

[[package]]
name = "forcats"
version = "1.0.1"
source = "cran"
raw_version = "1.0.1"
url = "https://cran.r-project.org/src/contrib/forcats_1.0.1.tar.gz"
checksum = "md5:9c4f48673cf195a7c420e32667847958"
requires = [
    "cli",
    "glue",
    "lifecycle",
    "magrittr",
    "rlang",
    "tibble",
]

[[package]]
name = "fs"
version = "2.1.0"
source = "cran"
raw_version = "2.1.0"
url = "https://cran.r-project.org/src/contrib/fs_2.1.0.tar.gz"
checksum = "md5:6011a5e758c21acc297ed8bbcf97e7d9"

[[package]]
name = "fuzzyjoin"
version = "0.1.8"
source = "cran"
raw_version = "0.1.8"
url = "https://cran.r-project.org/src/contrib/fuzzyjoin_0.1.8.tar.gz"
checksum = "md5:ac80274ea05f9711def3ff20b733c151"
requires = [
    "stringdist",
    "stringr",
    "dplyr",
    "tidyr",
    "purrr",
    "geosphere",
    "tibble",
]

[[package]]
name = "gargle"
version = "1.6.1"
source = "cran"
raw_version = "1.6.1"
url = "https://cran.r-project.org/src/contrib/gargle_1.6.1.tar.gz"
checksum = "md5:a0ca8a66d77f1417539ad13bb3e85b5d"
requires = [
    "cli",
    "fs",
    "glue",
    "httr",
    "jsonlite",
    "lifecycle",
    "openssl",
    "rappdirs",
    "rlang",
    "withr",
]

[[package]]
name = "gcite"
version = "0.11.0"
source = "cran"
raw_version = "0.11.0"
url = "https://cran.r-project.org/src/contrib/gcite_0.11.0.tar.gz"
checksum = "md5:2e29ca0a44f538f01f35ffaa0ed43475"
requires = [
    "xml2",
    "httr",
    "rvest",
    "pbapply",
    "data.table",
    "wordcloud",
    "tm",
]

[[package]]
name = "generics"
version = "0.1.4"
source = "cran"
raw_version = "0.1.4"
url = "https://cran.r-project.org/src/contrib/generics_0.1.4.tar.gz"
checksum = "md5:dda54b65216fe3c53571d2adaddc7461"

[[package]]
name = "geosphere"
version = "1.6.8"
source = "cran"
raw_version = "1.6-8"
url = "https://cran.r-project.org/src/contrib/geosphere_1.6-8.tar.gz"
checksum = "md5:476889ba8fc0ca3b70ad88fec879d148"
requires = [
    "Rcpp",
    "Rcpp",
]

[[package]]
name = "ggplot2"
version = "4.0.3"
source = "cran"
raw_version = "4.0.3"
url = "https://cran.r-project.org/src/contrib/ggplot2_4.0.3.tar.gz"
checksum = "md5:c50d6864f6226ed9759e5deaa0a25e7f"
requires = [
    "cli",
    "gtable",
    "isoband",
    "lifecycle",
    "rlang",
    "S7",
    "scales",
    "vctrs",
    "withr",
]

[[package]]
name = "gh"
version = "1.6.1"
source = "cran"
raw_version = "1.6.1"
url = "https://cran.r-project.org/src/contrib/gh_1.6.1.tar.gz"
checksum = "md5:a6dcf648e94597579184bcbbf7f746a4"
requires = [
    "cli",
    "gitcreds",
    "glue",
    "httr2",
    "ini",
    "jsonlite",
    "lifecycle",
    "rlang",
]

[[package]]
name = "gitcreds"
version = "0.1.2"
source = "cran"
raw_version = "0.1.2"
url = "https://cran.r-project.org/src/contrib/gitcreds_0.1.2.tar.gz"
checksum = "md5:b79f9a70433189507d3eb0bdc07fae6e"

[[package]]
name = "glue"
version = "1.8.1"
source = "cran"
raw_version = "1.8.1"
url = "https://cran.r-project.org/src/contrib/glue_1.8.1.tar.gz"
checksum = "md5:24e3cd382f52015c929538a5208d11aa"

[[package]]
name = "googledrive"
version = "2.1.2"
source = "cran"
raw_version = "2.1.2"
url = "https://cran.r-project.org/src/contrib/googledrive_2.1.2.tar.gz"
checksum = "md5:8aeb39196ae48307a903bba1e5d73fa5"
requires = [
    "cli",
    "gargle",
    "glue",
    "httr",
    "jsonlite",
    "lifecycle",
    "magrittr",
    "pillar",
    "purrr",
    "rlang",
    "tibble",
    "uuid",
    "vctrs",
    "withr",
]

[[package]]
name = "googlesheets4"
version = "1.1.2"
source = "cran"
raw_version = "1.1.2"
url = "https://cran.r-project.org/src/contrib/googlesheets4_1.1.2.tar.gz"
checksum = "md5:21094083f375d8f9d1499263de1d9ecc"
requires = [
    "cellranger",
    "cli",
    "curl",
    "gargle",
    "glue",
    "googledrive",
    "httr",
    "ids",
    "lifecycle",
    "magrittr",
    "purrr",
    "rematch2",
    "rlang",
    "tibble",
    "vctrs",
    "withr",
]

[[package]]
name = "gtable"
version = "0.3.6"
source = "cran"
raw_version = "0.3.6"
url = "https://cran.r-project.org/src/contrib/gtable_0.3.6.tar.gz"
checksum = "md5:545f07ada570ec8e3f4b22843974ac6d"
requires = [
    "cli",
    "glue",
    "lifecycle",
    "rlang",
]

[[package]]
name = "haven"
version = "2.5.5"
source = "cran"
raw_version = "2.5.5"
url = "https://cran.r-project.org/src/contrib/haven_2.5.5.tar.gz"
checksum = "md5:facac99e920be087ad5d1d65e5f74110"
requires = [
    "cli",
    "forcats",
    "hms",
    "lifecycle",
    "readr",
    "rlang",
    "tibble",
    "tidyselect",
    "vctrs",
    "cpp11",
]

[[package]]
name = "highr"
version = "0.12.0"
source = "cran"
raw_version = "0.12"
url = "https://cran.r-project.org/src/contrib/highr_0.12.tar.gz"
checksum = "md5:006fcfa8e16c72ecd1adffdf0cf87e43"
requires = ["xfun"]

[[package]]
name = "hms"
version = "1.1.4"
source = "cran"
raw_version = "1.1.4"
url = "https://cran.r-project.org/src/contrib/hms_1.1.4.tar.gz"
checksum = "md5:f63240ba5139ec2a20bd1ac56bae8243"
requires = [
    "cli",
    "lifecycle",
    "pkgconfig",
    "rlang",
    "vctrs",
]

[[package]]
name = "htmltools"
version = "0.5.9"
source = "cran"
raw_version = "0.5.9"
url = "https://cran.r-project.org/src/contrib/htmltools_0.5.9.tar.gz"
checksum = "md5:f4a0cac920fb54b5c5ea94e175e20067"
requires = [
    "base64enc",
    "digest",
    "fastmap",
    "rlang",
]

[[package]]
name = "httpgd"
version = "2.1.4"
source = "cran"
raw_version = "2.1.4"
url = "https://cran.r-project.org/src/contrib/httpgd_2.1.4.tar.gz"
checksum = "md5:1413fc3bac1e6c928d697bae90455658"
requires = [
    "unigd",
    "unigd",
    "cpp11",
    "AsioHeaders",
]

[[package]]
name = "httr"
version = "1.4.8"
source = "cran"
raw_version = "1.4.8"
url = "https://cran.r-project.org/src/contrib/httr_1.4.8.tar.gz"
checksum = "md5:8756015b94a9cff6f410ca4de8557f12"
requires = [
    "curl",
    "jsonlite",
    "mime",
    "openssl",
    "R6",
]

[[package]]
name = "httr2"
version = "1.3.0"
source = "cran"
raw_version = "1.3.0"
url = "https://cran.r-project.org/src/contrib/httr2_1.3.0.tar.gz"
checksum = "md5:790051880d410d91692fbd4cb3c29414"
requires = [
    "cli",
    "curl",
    "glue",
    "lifecycle",
    "magrittr",
    "openssl",
    "R6",
    "rlang",
    "vctrs",
    "withr",
]

[[package]]
name = "ids"
version = "1.0.1"
source = "cran"
raw_version = "1.0.1"
url = "https://cran.r-project.org/src/contrib/ids_1.0.1.tar.gz"
checksum = "md5:da97e1c97b795a9c0e4f51dcb1d928bb"
requires = [
    "openssl",
    "uuid",
]

[[package]]
name = "igraph"
version = "2.3.3"
source = "cran"
raw_version = "2.3.3"
url = "https://cran.r-project.org/src/contrib/igraph_2.3.3.tar.gz"
checksum = "md5:afb847dd9d9cd2c0606573ebe214393d"
requires = [
    "cli",
    "lifecycle",
    "magrittr",
    "Matrix",
    "pkgconfig",
    "rlang",
    "vctrs",
    "cpp11",
]

[[package]]
name = "ini"
version = "0.3.1"
source = "cran"
raw_version = "0.3.1"
url = "https://cran.r-project.org/src/contrib/ini_0.3.1.tar.gz"
checksum = "md5:b0e2d7388fc69327d3c4bbaab9067f3d"

[[package]]
name = "isoband"
version = "0.3.0"
source = "cran"
raw_version = "0.3.0"
url = "https://cran.r-project.org/src/contrib/isoband_0.3.0.tar.gz"
checksum = "md5:0b811a225740b6e4ae0afcdd64f11407"
requires = [
    "cli",
    "rlang",
    "cpp11",
]

[[package]]
name = "jquerylib"
version = "0.1.4"
source = "cran"
raw_version = "0.1.4"
url = "https://cran.r-project.org/src/contrib/jquerylib_0.1.4.tar.gz"
checksum = "md5:3607a34ac45ff420bc325d84eab4b0cb"
requires = ["htmltools"]

[[package]]
name = "jsonlite"
version = "2.0.0"
source = "cran"
raw_version = "2.0.0"
url = "https://cran.r-project.org/src/contrib/jsonlite_2.0.0.tar.gz"
checksum = "md5:3e54e6fbc0c9063936e3d01e91419c14"

[[package]]
name = "knitr"
version = "1.51.0"
source = "cran"
raw_version = "1.51"
url = "https://cran.r-project.org/src/contrib/knitr_1.51.tar.gz"
checksum = "md5:79f32f24b572fe198baca8882d6aa87f"
requires = [
    "evaluate",
    "highr",
    "xfun",
    "yaml",
]

[[package]]
name = "labeling"
version = "0.4.3"
source = "cran"
raw_version = "0.4.3"
url = "https://cran.r-project.org/src/contrib/labeling_0.4.3.tar.gz"
checksum = "md5:915e6c823c1d8243641ce97253389f14"

[[package]]
name = "languageserver"
version = "0.3.18"
source = "cran"
raw_version = "0.3.18"
url = "https://cran.r-project.org/src/contrib/languageserver_0.3.18.tar.gz"
checksum = "md5:3283b759b82dbc59a2f884b3f1d6aab2"
requires = [
    "callr",
    "collections",
    "digest",
    "fs",
    "jsonlite",
    "lintr",
    "R6",
    "roxygen2",
    "stringi",
    "styler",
    "xml2",
    "xmlparsedata",
]

[[package]]
name = "later"
version = "1.4.8"
source = "cran"
raw_version = "1.4.8"
url = "https://cran.r-project.org/src/contrib/later_1.4.8.tar.gz"
checksum = "md5:7ebbfd8a26cd6341a6d9d03ba18d259c"
requires = [
    "Rcpp",
    "rlang",
    "Rcpp",
]

[[package]]
name = "lattice"
version = "0.23.1"
source = "cran"
raw_version = "0.23-1"
url = "https://cran.r-project.org/src/contrib/lattice_0.23-1.tar.gz"
checksum = "md5:e449ab6441f74836e93869dd34cdf3ba"

[[package]]
name = "lifecycle"
version = "1.0.5"
source = "cran"
raw_version = "1.0.5"
url = "https://cran.r-project.org/src/contrib/lifecycle_1.0.5.tar.gz"
checksum = "md5:bce35a7a89fe4108f262db3e441cccae"
requires = [
    "cli",
    "rlang",
]

[[package]]
name = "lintr"
version = "3.4.0"
source = "cran"
raw_version = "3.4.0"
url = "https://cran.r-project.org/src/contrib/lintr_3.4.0.tar.gz"
checksum = "md5:3fdc242e5d410fdc82f9fb893b0bbdf1"
requires = [
    "cli",
    "codetools",
    "digest",
    "glue",
    "knitr",
    "rex",
    "xfun",
    "xml2",
    "xmlparsedata",
]

[[package]]
name = "lubridate"
version = "1.9.5"
source = "cran"
raw_version = "1.9.5"
url = "https://cran.r-project.org/src/contrib/lubridate_1.9.5.tar.gz"
checksum = "md5:09977b7de6710ca05886412c6aa3a5a3"
requires = [
    "generics",
    "timechange",
]

[[package]]
name = "magrittr"
version = "2.0.5"
source = "cran"
raw_version = "2.0.5"
url = "https://cran.r-project.org/src/contrib/magrittr_2.0.5.tar.gz"
checksum = "md5:4ee23a88bc1589527696d777d7e68dfc"

[[package]]
name = "memoise"
version = "2.0.1"
source = "cran"
raw_version = "2.0.1"
url = "https://cran.r-project.org/src/contrib/memoise_2.0.1.tar.gz"
checksum = "md5:89da4ce771967d851db47132b762ce6f"
requires = [
    "rlang",
    "cachem",
]

[[package]]
name = "mime"
version = "0.13.0"
source = "cran"
raw_version = "0.13"
url = "https://cran.r-project.org/src/contrib/mime_0.13.tar.gz"
checksum = "md5:45c3868fb2f5a7f3817d54d1c75799f9"

[[package]]
name = "modelr"
version = "0.1.11"
source = "cran"
raw_version = "0.1.11"
url = "https://cran.r-project.org/src/contrib/modelr_0.1.11.tar.gz"
checksum = "md5:ddfa4fdf1446004a7b75289eb81e8548"
requires = [
    "broom",
    "magrittr",
    "purrr",
    "rlang",
    "tibble",
    "tidyr",
    "tidyselect",
    "vctrs",
]

[[package]]
name = "openssl"
version = "2.4.2"
source = "cran"
raw_version = "2.4.2"
url = "https://cran.r-project.org/src/contrib/openssl_2.4.2.tar.gz"
checksum = "md5:748b0fa601173da477706803783b6943"
requires = ["askpass"]

[[package]]
name = "otel"
version = "0.2.0"
source = "cran"
raw_version = "0.2.0"
url = "https://cran.r-project.org/src/contrib/otel_0.2.0.tar.gz"
checksum = "md5:cecd0f434a6327dcf5ca0bc2da494d06"

[[package]]
name = "pbapply"
version = "1.7.4"
source = "cran"
raw_version = "1.7-4"
url = "https://cran.r-project.org/src/contrib/pbapply_1.7-4.tar.gz"
checksum = "md5:4cba88d695ff0beb228301caef295561"

[[package]]
name = "pillar"
version = "1.11.1"
source = "cran"
raw_version = "1.11.1"
url = "https://cran.r-project.org/src/contrib/pillar_1.11.1.tar.gz"
checksum = "md5:eb84af558b1ac0d743a4790e99acad6e"
requires = [
    "cli",
    "glue",
    "lifecycle",
    "rlang",
    "utf8",
    "vctrs",
]

[[package]]
name = "pkgbuild"
version = "1.4.8"
source = "cran"
raw_version = "1.4.8"
url = "https://cran.r-project.org/src/contrib/pkgbuild_1.4.8.tar.gz"
checksum = "md5:7708705f2645a0852f41af6e3a36d8d7"
requires = [
    "callr",
    "cli",
    "desc",
    "processx",
    "R6",
]

[[package]]
name = "pkgconfig"
version = "2.0.3"
source = "cran"
raw_version = "2.0.3"
url = "https://cran.r-project.org/src/contrib/pkgconfig_2.0.3.tar.gz"
checksum = "md5:7b9ca1d45d941238381cb55d13ff4d68"

[[package]]
name = "pkgload"
version = "1.5.3"
source = "cran"
raw_version = "1.5.3"
url = "https://cran.r-project.org/src/contrib/pkgload_1.5.3.tar.gz"
checksum = "md5:9f38a3a0d87ea2d72d1d9e9b9bfd1106"
requires = [
    "cli",
    "desc",
    "fs",
    "glue",
    "lifecycle",
    "pkgbuild",
    "processx",
    "rlang",
    "rprojroot",
]

[[package]]
name = "pkgmeta"
version = "0.1.0"
source = "github"
url = "https://api.github.com/repos/robjhyndman/pkgmeta/tarball/6ed051c473f81ab9497ce159302ac94e62b4d954"
checksum = "git:6ed051c473f81ab9497ce159302ac94e62b4d954"
requires = [
    "cranlogs",
    "desc",
    "dplyr",
    "gh",
    "pkgsearch",
    "purrr",
    "stringr",
    "tibble",
]

[[package]]
name = "pkgsearch"
version = "3.1.5"
source = "cran"
raw_version = "3.1.5"
url = "https://cran.r-project.org/src/contrib/pkgsearch_3.1.5.tar.gz"
checksum = "md5:390ae87ab02521712f8a6aa4489d6d83"
requires = [
    "curl",
    "jsonlite",
]

[[package]]
name = "plyr"
version = "1.8.9"
source = "cran"
raw_version = "1.8.9"
url = "https://cran.r-project.org/src/contrib/plyr_1.8.9.tar.gz"
checksum = "md5:5a8b129534abace172059ecc5c0b5072"
requires = [
    "Rcpp",
    "Rcpp",
]

[[package]]
name = "prettyunits"
version = "1.2.0"
source = "cran"
raw_version = "1.2.0"
url = "https://cran.r-project.org/src/contrib/prettyunits_1.2.0.tar.gz"
checksum = "md5:2e2db8105f214b80d3d4254b8aabb255"

[[package]]
name = "processx"
version = "3.9.0"
source = "cran"
raw_version = "3.9.0"
url = "https://cran.r-project.org/src/contrib/processx_3.9.0.tar.gz"
checksum = "md5:c4e0ed59285d195cdb03c66e3a9cb76d"
requires = [
    "ps",
    "R6",
]

[[package]]
name = "progress"
version = "1.2.3"
source = "cran"
raw_version = "1.2.3"
url = "https://cran.r-project.org/src/contrib/progress_1.2.3.tar.gz"
checksum = "md5:db78636d2dd5ee346f5caf48bfa69f5e"
requires = [
    "crayon",
    "hms",
    "prettyunits",
    "R6",
]

[[package]]
name = "ps"
version = "1.9.3"
source = "cran"
raw_version = "1.9.3"
url = "https://cran.r-project.org/src/contrib/ps_1.9.3.tar.gz"
checksum = "md5:a965ee358e18f9d6586f594487e1c2cf"

[[package]]
name = "purrr"
version = "1.2.2"
source = "cran"
raw_version = "1.2.2"
url = "https://cran.r-project.org/src/contrib/purrr_1.2.2.tar.gz"
checksum = "md5:1b554060b57fdfe3ba6544c557b0f8d8"
requires = [
    "cli",
    "lifecycle",
    "magrittr",
    "rlang",
    "vctrs",
    "cli",
]

[[package]]
name = "quarto"
version = "1.5.1"
source = "cran"
raw_version = "1.5.1"
url = "https://cran.r-project.org/src/contrib/quarto_1.5.1.tar.gz"
checksum = "md5:399b5a595e22f090193a9169d5bd84db"
requires = [
    "cli",
    "fs",
    "htmltools",
    "jsonlite",
    "later",
    "lifecycle",
    "processx",
    "rlang",
    "rmarkdown",
    "rstudioapi",
    "xfun",
    "yaml",
]

[[package]]
name = "ragg"
version = "1.5.2"
source = "cran"
raw_version = "1.5.2"
url = "https://cran.r-project.org/src/contrib/ragg_1.5.2.tar.gz"
checksum = "md5:3913bca155c1e59f2183657a08a30b63"
requires = [
    "systemfonts",
    "textshaping",
    "systemfonts",
    "textshaping",
]

[[package]]
name = "rappdirs"
version = "0.3.4"
source = "cran"
raw_version = "0.3.4"
url = "https://cran.r-project.org/src/contrib/rappdirs_0.3.4.tar.gz"
checksum = "md5:a990a3ddcfa9eb422cd406f78084fbd8"

[[package]]
name = "rdtools"
version = "0.1.0"
source = "cran"
raw_version = "0.1.0"
url = "https://cran.r-project.org/src/contrib/rdtools_0.1.0.tar.gz"
checksum = "md5:15243eafd24d97371d15f573530d9a12"

[[package]]
name = "readr"
version = "2.2.0"
source = "cran"
raw_version = "2.2.0"
url = "https://cran.r-project.org/src/contrib/readr_2.2.0.tar.gz"
checksum = "md5:3e87b7c88d9853bb2cec2f11eec2bf72"
requires = [
    "cli",
    "clipr",
    "crayon",
    "glue",
    "hms",
    "lifecycle",
    "R6",
    "rlang",
    "tibble",
    "vroom",
    "withr",
    "cpp11",
    "tzdb",
]

[[package]]
name = "readxl"
version = "1.5.0"
source = "cran"
raw_version = "1.5.0"
url = "https://cran.r-project.org/src/contrib/readxl_1.5.0.tar.gz"
checksum = "md5:bd4cffa51566929514856062c026ffb6"
requires = [
    "cellranger",
    "tibble",
    "cpp11",
    "progress",
]

[[package]]
name = "rematch"
version = "2.0.0"
source = "cran"
raw_version = "2.0.0"
url = "https://cran.r-project.org/src/contrib/rematch_2.0.0.tar.gz"
checksum = "md5:64ad138fd1cec37d50683cbf2958e47b"

[[package]]
name = "rematch2"
version = "2.1.2"
source = "cran"
raw_version = "2.1.2"
url = "https://cran.r-project.org/src/contrib/rematch2_2.1.2.tar.gz"
checksum = "md5:41627df5d3fbf98f0cf98c027e14af00"
requires = ["tibble"]

[[package]]
name = "renv"
version = "1.2.4"
source = "cran"
raw_version = "1.2.4"
url = "https://cran.r-project.org/src/contrib/renv_1.2.4.tar.gz"
checksum = "md5:6389e4edea14694db66b360f94bbaa35"

[[package]]
name = "reprex"
version = "2.1.1"
source = "cran"
raw_version = "2.1.1"
url = "https://cran.r-project.org/src/contrib/reprex_2.1.1.tar.gz"
checksum = "md5:cddc2f1334ad703df88a18926432470f"
requires = [
    "callr",
    "cli",
    "clipr",
    "fs",
    "glue",
    "knitr",
    "lifecycle",
    "rlang",
    "rmarkdown",
    "rstudioapi",
    "withr",
]

[[package]]
name = "rex"
version = "1.2.2"
source = "cran"
raw_version = "1.2.2"
url = "https://cran.r-project.org/src/contrib/rex_1.2.2.tar.gz"
checksum = "md5:badb771be4124e348912f34b50b98296"
requires = ["withr"]

[[package]]
name = "rlang"
version = "1.3.0"
source = "cran"
raw_version = "1.3.0"
url = "https://cran.r-project.org/src/contrib/rlang_1.3.0.tar.gz"
checksum = "md5:b52c165e43f4d7fe5cfa15c5c9467ff4"

[[package]]
name = "rmarkdown"
version = "2.31.0"
source = "cran"
raw_version = "2.31"
url = "https://cran.r-project.org/src/contrib/rmarkdown_2.31.tar.gz"
checksum = "md5:8f7a4eef6b62e7f2284550c3134f28c8"
requires = [
    "bslib",
    "evaluate",
    "fontawesome",
    "htmltools",
    "jquerylib",
    "jsonlite",
    "knitr",
    "tinytex",
    "xfun",
    "yaml",
]

[[package]]
name = "roxygen2"
version = "8.1.0"
source = "cran"
raw_version = "8.1.0"
url = "https://cran.r-project.org/src/contrib/roxygen2_8.1.0.tar.gz"
checksum = "md5:db68d5c2c7cff5bf6c7db0069507a465"
requires = [
    "brew",
    "cli",
    "commonmark",
    "desc",
    "knitr",
    "lifecycle",
    "pkgload",
    "R6",
    "rdtools",
    "rlang",
    "withr",
    "xml2",
    "cpp11",
]

[[package]]
name = "rprojroot"
version = "2.1.1"
source = "cran"
raw_version = "2.1.1"
url = "https://cran.r-project.org/src/contrib/rprojroot_2.1.1.tar.gz"
checksum = "md5:307fef4f932acc1d8660a857e44d5fb7"

[[package]]
name = "rstudioapi"
version = "0.19.0"
source = "cran"
raw_version = "0.19.0"
url = "https://cran.r-project.org/src/contrib/rstudioapi_0.19.0.tar.gz"
checksum = "md5:4cbb808adec83c594391db9be1f7ebf4"

[[package]]
name = "rvest"
version = "1.0.5"
source = "cran"
raw_version = "1.0.5"
url = "https://cran.r-project.org/src/contrib/rvest_1.0.5.tar.gz"
checksum = "md5:247669d2388a127d3dda7a6024f33675"
requires = [
    "cli",
    "glue",
    "httr",
    "lifecycle",
    "magrittr",
    "rlang",
    "selectr",
    "tibble",
    "xml2",
]

[[package]]
name = "sass"
version = "0.4.10"
source = "cran"
raw_version = "0.4.10"
url = "https://cran.r-project.org/src/contrib/sass_0.4.10.tar.gz"
checksum = "md5:16054a7117a81ba75893fec17da62209"
requires = [
    "fs",
    "rlang",
    "htmltools",
    "R6",
    "rappdirs",
]

[[package]]
name = "scales"
version = "1.4.0"
source = "cran"
raw_version = "1.4.0"
url = "https://cran.r-project.org/src/contrib/scales_1.4.0.tar.gz"
checksum = "md5:6dd61123ecc2be3e3777aa77c172261d"
requires = [
    "cli",
    "farver",
    "glue",
    "labeling",
    "lifecycle",
    "R6",
    "RColorBrewer",
    "rlang",
    "viridisLite",
]

[[package]]
name = "secretbase"
version = "1.3.0"
source = "cran"
raw_version = "1.3.0"
url = "https://cran.r-project.org/src/contrib/secretbase_1.3.0.tar.gz"
checksum = "md5:a563588d4e0d71e2aa92b2aeec56f046"

[[package]]
name = "selectr"
version = "0.6.0"
source = "cran"
raw_version = "0.6-0"
url = "https://cran.r-project.org/src/contrib/selectr_0.6-0.tar.gz"
checksum = "md5:7d86872fb9fa73c7c81aa6682134d712"
requires = ["R6"]

[[package]]
name = "slam"
version = "0.1.56"
source = "cran"
raw_version = "0.1-56"
url = "https://cran.r-project.org/src/contrib/slam_0.1-56.tar.gz"
checksum = "md5:4890ea226e37c59ee7c8dcc3ddb78838"

[[package]]
name = "stringdist"
version = "0.9.17"
source = "cran"
raw_version = "0.9.17"
url = "https://cran.r-project.org/src/contrib/stringdist_0.9.17.tar.gz"
checksum = "md5:45b2d8cdf50b9bdee705207a180deea1"

[[package]]
name = "stringi"
version = "1.8.9"
source = "cran"
raw_version = "1.8.9"
url = "https://cran.r-project.org/src/contrib/stringi_1.8.9.tar.gz"
checksum = "md5:6888a5ac007ad34590ce6afbd0cb2491"

[[package]]
name = "stringr"
version = "1.6.0"
source = "cran"
raw_version = "1.6.0"
url = "https://cran.r-project.org/src/contrib/stringr_1.6.0.tar.gz"
checksum = "md5:e6d638f79f82b1c39fc88e7295ba1c9d"
requires = [
    "cli",
    "glue",
    "lifecycle",
    "magrittr",
    "rlang",
    "stringi",
    "vctrs",
]

[[package]]
name = "styler"
version = "1.11.0"
source = "cran"
raw_version = "1.11.0"
url = "https://cran.r-project.org/src/contrib/styler_1.11.0.tar.gz"
checksum = "md5:ba7f38084bd75766e1e25af9be99276f"
requires = [
    "cli",
    "magrittr",
    "purrr",
    "R.cache",
    "rlang",
    "rprojroot",
    "vctrs",
    "withr",
]

[[package]]
name = "sys"
version = "3.4.3"
source = "cran"
raw_version = "3.4.3"
url = "https://cran.r-project.org/src/contrib/sys_3.4.3.tar.gz"
checksum = "md5:ffb4244c6d4cacdd4ac8ef187699707c"

[[package]]
name = "systemfonts"
version = "1.3.2"
source = "cran"
raw_version = "1.3.2"
url = "https://cran.r-project.org/src/contrib/systemfonts_1.3.2.tar.gz"
checksum = "md5:57b95280ca9bba2bb18477eb512ac971"
requires = [
    "base64enc",
    "jsonlite",
    "lifecycle",
    "cpp11",
]

[[package]]
name = "tarchetypes"
version = "0.14.1"
source = "cran"
raw_version = "0.14.1"
url = "https://cran.r-project.org/src/contrib/tarchetypes_0.14.1.tar.gz"
checksum = "md5:d4f4f3df10679bd73367e8d54a7eeb99"
requires = [
    "dplyr",
    "fs",
    "rlang",
    "secretbase",
    "targets",
    "tibble",
    "tidyselect",
    "vctrs",
    "withr",
]

[[package]]
name = "targets"
version = "1.12.0"
source = "cran"
raw_version = "1.12.0"
url = "https://cran.r-project.org/src/contrib/targets_1.12.0.tar.gz"
checksum = "md5:6dc00fdf98c8a3241ac1fa290623f216"
requires = [
    "base64url",
    "callr",
    "cli",
    "codetools",
    "data.table",
    "igraph",
    "knitr",
    "prettyunits",
    "ps",
    "R6",
    "rlang",
    "secretbase",
    "tibble",
    "tidyselect",
    "vctrs",
    "yaml",
]

[[package]]
name = "textshaping"
version = "1.0.5"
source = "cran"
raw_version = "1.0.5"
url = "https://cran.r-project.org/src/contrib/textshaping_1.0.5.tar.gz"
checksum = "md5:93771d8cfc50a7ed021df061ce71e07f"
requires = [
    "lifecycle",
    "stringi",
    "systemfonts",
    "cpp11",
    "systemfonts",
]

[[package]]
name = "tibble"
version = "3.3.1"
source = "cran"
raw_version = "3.3.1"
url = "https://cran.r-project.org/src/contrib/tibble_3.3.1.tar.gz"
checksum = "md5:97ff25ebdd1460ec152d48e9bb54fa43"
requires = [
    "cli",
    "lifecycle",
    "magrittr",
    "pillar",
    "pkgconfig",
    "rlang",
    "vctrs",
]

[[package]]
name = "tidyr"
version = "1.3.2"
source = "cran"
raw_version = "1.3.2"
url = "https://cran.r-project.org/src/contrib/tidyr_1.3.2.tar.gz"
checksum = "md5:f8e976221d4ed9092c734cf86abcdba9"
requires = [
    "cli",
    "dplyr",
    "glue",
    "lifecycle",
    "magrittr",
    "purrr",
    "rlang",
    "stringr",
    "tibble",
    "tidyselect",
    "vctrs",
    "cpp11",
]

[[package]]
name = "tidyselect"
version = "1.2.1"
source = "cran"
raw_version = "1.2.1"
url = "https://cran.r-project.org/src/contrib/tidyselect_1.2.1.tar.gz"
checksum = "md5:49c581292e819a2a39aac321f27ab0a8"
requires = [
    "cli",
    "glue",
    "lifecycle",
    "rlang",
    "vctrs",
    "withr",
]

[[package]]
name = "tidyverse"
version = "2.0.0"
source = "cran"
raw_version = "2.0.0"
url = "https://cran.r-project.org/src/contrib/tidyverse_2.0.0.tar.gz"
checksum = "md5:f5705d42feb6697e214d8b007fda2f55"
requires = [
    "broom",
    "conflicted",
    "cli",
    "dbplyr",
    "dplyr",
    "dtplyr",
    "forcats",
    "ggplot2",
    "googledrive",
    "googlesheets4",
    "haven",
    "hms",
    "httr",
    "jsonlite",
    "lubridate",
    "magrittr",
    "modelr",
    "pillar",
    "purrr",
    "ragg",
    "readr",
    "readxl",
    "reprex",
    "rlang",
    "rstudioapi",
    "rvest",
    "stringr",
    "tibble",
    "tidyr",
    "xml2",
]

[[package]]
name = "timechange"
version = "0.4.0"
source = "cran"
raw_version = "0.4.0"
url = "https://cran.r-project.org/src/contrib/timechange_0.4.0.tar.gz"
checksum = "md5:4cabacecbed68e3beb00e47d42fc9fca"
requires = ["cpp11"]

[[package]]
name = "tinytex"
version = "0.60.0"
source = "cran"
raw_version = "0.60"
url = "https://cran.r-project.org/src/contrib/tinytex_0.60.tar.gz"
checksum = "md5:c680dc21cfd948a22a4f72427967e3e0"
requires = ["xfun"]

[[package]]
name = "tm"
version = "0.7.19"
source = "cran"
raw_version = "0.7-19"
url = "https://cran.r-project.org/src/contrib/tm_0.7-19.tar.gz"
checksum = "md5:24a21c16791e22e7662479e86dc91c1f"
requires = [
    "NLP",
    "Rcpp",
    "slam",
    "xml2",
    "BH",
    "Rcpp",
]

[[package]]
name = "tsibble"
version = "1.2.0"
source = "cran"
raw_version = "1.2.0"
url = "https://cran.r-project.org/src/contrib/tsibble_1.2.0.tar.gz"
checksum = "md5:d584b250bac8891c6791065e0550d231"
requires = [
    "anytime",
    "dplyr",
    "generics",
    "lifecycle",
    "lubridate",
    "rlang",
    "tibble",
    "tidyselect",
    "vctrs",
]

[[package]]
name = "tzdb"
version = "0.5.0"
source = "cran"
raw_version = "0.5.0"
url = "https://cran.r-project.org/src/contrib/tzdb_0.5.0.tar.gz"
checksum = "md5:a9f89aa8a851f7a2a13856e815c8bb1c"
requires = ["cpp11"]

[[package]]
name = "unigd"
version = "0.2.0"
source = "cran"
raw_version = "0.2.0"
url = "https://cran.r-project.org/src/contrib/unigd_0.2.0.tar.gz"
checksum = "md5:b175ff191262e858e7e0d16dbb8ec32b"
requires = [
    "systemfonts",
    "cpp11",
    "systemfonts",
]

[[package]]
name = "utf8"
version = "1.2.6"
source = "cran"
raw_version = "1.2.6"
url = "https://cran.r-project.org/src/contrib/utf8_1.2.6.tar.gz"
checksum = "md5:12037c186ddded4d9b289762b69fc435"

[[package]]
name = "uuid"
version = "1.2.2"
source = "cran"
raw_version = "1.2-2"
url = "https://cran.r-project.org/src/contrib/uuid_1.2-2.tar.gz"
checksum = "md5:37ebfbe8de2e1275d465cc2f569f1b50"

[[package]]
name = "vctrs"
version = "0.7.3"
source = "cran"
raw_version = "0.7.3"
url = "https://cran.r-project.org/src/contrib/vctrs_0.7.3.tar.gz"
checksum = "md5:d99218820f353c359ff59fd46b52ddb3"
requires = [
    "cli",
    "glue",
    "lifecycle",
    "rlang",
]

[[package]]
name = "versions"
version = "0.3.0"
source = "cran"
raw_version = "0.3"
url = "https://cran.r-project.org/src/contrib/versions_0.3.tar.gz"
checksum = "md5:193eaf2acf06798e4a4e5fa8e38d60a1"

[[package]]
name = "viridisLite"
version = "0.4.3"
source = "cran"
raw_version = "0.4.3"
url = "https://cran.r-project.org/src/contrib/viridisLite_0.4.3.tar.gz"
checksum = "md5:ecfcfd15db2d5a79c25b9514748762b5"

[[package]]
name = "vitae"
version = "0.7.0"
source = "cran"
raw_version = "0.7.0"
url = "https://cran.r-project.org/src/contrib/vitae_0.7.0.tar.gz"
checksum = "md5:d75d790ca3fe3138104117e1fb8331cb"
requires = [
    "rlang",
    "glue",
    "dplyr",
    "rmarkdown",
    "knitr",
    "xfun",
    "yaml",
    "tibble",
    "vctrs",
    "pillar",
    "jsonlite",
]

[[package]]
name = "vroom"
version = "1.7.1"
source = "cran"
raw_version = "1.7.1"
url = "https://cran.r-project.org/src/contrib/vroom_1.7.1.tar.gz"
checksum = "md5:68e4cfa008bd830c7f6f47b26a1cff0e"
requires = [
    "bit64",
    "cli",
    "crayon",
    "glue",
    "hms",
    "lifecycle",
    "rlang",
    "tibble",
    "tidyselect",
    "tzdb",
    "vctrs",
    "withr",
    "cpp11",
    "progress",
    "tzdb",
]

[[package]]
name = "withr"
version = "3.0.3"
source = "cran"
raw_version = "3.0.3"
url = "https://cran.r-project.org/src/contrib/withr_3.0.3.tar.gz"
checksum = "md5:121bf3699aadb9d1b47d648964b934f8"

[[package]]
name = "wordcloud"
version = "2.6.0"
source = "cran"
raw_version = "2.6"
url = "https://cran.r-project.org/src/contrib/wordcloud_2.6.tar.gz"
checksum = "md5:d672262f7673d26c469c12cd3e296ac7"
requires = [
    "RColorBrewer",
    "Rcpp",
    "Rcpp",
]

[[package]]
name = "xfun"
version = "0.60.0"
source = "cran"
raw_version = "0.60"
url = "https://cran.r-project.org/src/contrib/xfun_0.60.tar.gz"
checksum = "md5:1bea9ab58602d9b6eac3b5823a95e5e6"

[[package]]
name = "xml2"
version = "1.6.0"
source = "cran"
raw_version = "1.6.0"
url = "https://cran.r-project.org/src/contrib/xml2_1.6.0.tar.gz"
checksum = "md5:4e005569a935f91400a06533cad641e8"
requires = [
    "cli",
    "rlang",
]

[[package]]
name = "xmlparsedata"
version = "1.0.5"
source = "cran"
raw_version = "1.0.5"
url = "https://cran.r-project.org/src/contrib/xmlparsedata_1.0.5.tar.gz"
checksum = "md5:3667d2785071e956227798e2a4cfbd49"

[[package]]
name = "xtable"
version = "1.8.8"
source = "cran"
raw_version = "1.8-8"
url = "https://cran.r-project.org/src/contrib/xtable_1.8-8.tar.gz"
checksum = "md5:4d07e6f65181f7227fac2bd3e6122a0b"

[[package]]
name = "yaml"
version = "2.3.12"
source = "cran"
raw_version = "2.3.12"
url = "https://cran.r-project.org/src/contrib/yaml_2.3.12.tar.gz"
checksum = "md5:6beea9b09717960f6c79fcbc1e129c41"
